// !$*UTF8*$!
{
	archiveVersion = 1;
	classes = {
	};
	objectVersion = 50;
	objects = {

/* Begin PBXBuildFile section */
		D5DD95EB23B952E700735C3A /* AppDelegate.swift in Sources */ = {isa = PBXBuildFile; fileRef = D5DD95EA23B952E700735C3A /* AppDelegate.swift */; };
		D5DD95ED23B952E700735C3A /* SceneDelegate.swift in Sources */ = {isa = PBXBuildFile; fileRef = D5DD95EC23B952E700735C3A /* SceneDelegate.swift */; };
		D5DD95EF23B952E700735C3A /* ViewController.swift in Sources */ = {isa = PBXBuildFile; fileRef = D5DD95EE23B952E700735C3A /* ViewController.swift */; };
		D5DD95F223B952E700735C3A /* Main.storyboard in Resources */ = {isa = PBXBuildFile; fileRef = D5DD95F023B952E700735C3A /* Main.storyboard */; };
		D5DD95F423B952E800735C3A /* Assets.xcassets in Resources */ = {isa = PBXBuildFile; fileRef = D5DD95F323B952E800735C3A /* Assets.xcassets */; };
		D5DD95F723B952E800735C3A /* LaunchScreen.storyboard in Resources */ = {isa = PBXBuildFile; fileRef = D5DD95F523B952E800735C3A /* LaunchScreen.storyboard */; };
		D5DD960023B953CC00735C3A /* DetailViewController.swift in Sources */ = {isa = PBXBuildFile; fileRef = D5DD95FF23B953CC00735C3A /* DetailViewController.swift */; };
		D5DD964C23B988A300735C3A /* flag-nigeria.png in Resources */ = {isa = PBXBuildFile; fileRef = D5DD963423B988A200735C3A /* flag-nigeria.png */; };
		D5DD964F23B988A300735C3A /* flag-italy.png in Resources */ = {isa = PBXBuildFile; fileRef = D5DD963723B988A200735C3A /* flag-italy.png */; };
		D5DD965323B988A300735C3A /* flag-spain.png in Resources */ = {isa = PBXBuildFile; fileRef = D5DD963B23B988A200735C3A /* flag-spain.png */; };
		D5DD965523B988A300735C3A /* flag-france.png in Resources */ = {isa = PBXBuildFile; fileRef = D5DD963D23B988A200735C3A /* flag-france.png */; };
		D5DD965623B988A300735C3A /* flag-germany.png in Resources */ = {isa = PBXBuildFile; fileRef = D5DD963E23B988A200735C3A /* flag-germany.png */; };
		D5DD965723B988A300735C3A /* flag-ireland.png in Resources */ = {isa = PBXBuildFile; fileRef = D5DD963F23B988A300735C3A /* flag-ireland.png */; };
		D5DD965B23B988A300735C3A /* flag-estonia.png in Resources */ = {isa = PBXBuildFile; fileRef = D5DD964323B988A300735C3A /* flag-estonia.png */; };
		D5DD965D23B988A300735C3A /* flag-russia.png in Resources */ = {isa = PBXBuildFile; fileRef = D5DD964523B988A300735C3A /* flag-russia.png */; };
		D5DD965F23B988A400735C3A /* flag-uk.png in Resources */ = {isa = PBXBuildFile; fileRef = D5DD964723B988A300735C3A /* flag-uk.png */; };
		D5DD966023B988A400735C3A /* flag-monaco.png in Resources */ = {isa = PBXBuildFile; fileRef = D5DD964823B988A300735C3A /* flag-monaco.png */; };
		D5DD966123B988A400735C3A /* flag-us.png in Resources */ = {isa = PBXBuildFile; fileRef = D5DD964923B988A300735C3A /* flag-us.png */; };
		D5DD966223B988A400735C3A /* flag-poland.png in Resources */ = {isa = PBXBuildFile; fileRef = D5DD964A23B988A300735C3A /* flag-poland.png */; };
/* End PBXBuildFile section */

/* Begin PBXFileReference section */
		D5DD95E723B952E700735C3A /* Challenge1.app */ = {isa = PBXFileReference; explicitFileType = wrapper.application; includeInIndex = 0; path = Challenge1.app; sourceTree = BUILT_PRODUCTS_DIR; };
		D5DD95EA23B952E700735C3A /* AppDelegate.swift */ = {isa = PBXFileReference; lastKnownFileType = sourcecode.swift; path = AppDelegate.swift; sourceTree = "<group>"; };
		D5DD95EC23B952E700735C3A /* SceneDelegate.swift */ = {isa = PBXFileReference; lastKnownFileType = sourcecode.swift; path = SceneDelegate.swift; sourceTree = "<group>"; };
		D5DD95EE23B952E700735C3A /* ViewController.swift */ = {isa = PBXFileReference; lastKnownFileType = sourcecode.swift; path = ViewController.swift; sourceTree = "<group>"; };
		D5DD95F123B952E700735C3A /* Base */ = {isa = PBXFileReference; lastKnownFileType = file.storyboard; name = Base; path = Base.lproj/Main.storyboard; sourceTree = "<group>"; };
		D5DD95F323B952E800735C3A /* Assets.xcassets */ = {isa = PBXFileReference; lastKnownFileType = folder.assetcatalog; path = Assets.xcassets; sourceTree = "<group>"; };
		D5DD95F623B952E800735C3A /* Base */ = {isa = PBXFileReference; lastKnownFileType = file.storyboard; name = Base; path = Base.lproj/LaunchScreen.storyboard; sourceTree = "<group>"; };
		D5DD95F823B952E800735C3A /* Info.plist */ = {isa = PBXFileReference; lastKnownFileType = text.plist.xml; path = Info.plist; sourceTree = "<group>"; };
		D5DD95FF23B953CC00735C3A /* DetailViewController.swift */ = {isa = PBXFileReference; lastKnownFileType = sourcecode.swift; path = DetailViewController.swift; sourceTree = "<group>"; };
		D5DD963423B988A200735C3A /* flag-nigeria.png */ = {isa = PBXFileReference; lastKnownFileType = image.png; path = "flag-nigeria.png"; sourceTree = "<group>"; };
		D5DD963723B988A200735C3A /* flag-italy.png */ = {isa = PBXFileReference; lastKnownFileType = image.png; path = "flag-italy.png"; sourceTree = "<group>"; };
		D5DD963B23B988A200735C3A /* flag-spain.png */ = {isa = PBXFileReference; lastKnownFileType = image.png; path = "flag-spain.png"; sourceTree = "<group>"; };
		D5DD963D23B988A200735C3A /* flag-france.png */ = {isa = PBXFileReference; lastKnownFileType = image.png; path = "flag-france.png"; sourceTree = "<group>"; };
		D5DD963E23B988A200735C3A /* flag-germany.png */ = {isa = PBXFileReference; lastKnownFileType = image.png; path = "flag-germany.png"; sourceTree = "<group>"; };
		D5DD963F23B988A300735C3A /* flag-ireland.png */ = {isa = PBXFileReference; lastKnownFileType = image.png; path = "flag-ireland.png"; sourceTree = "<group>"; };
		D5DD964323B988A300735C3A /* flag-estonia.png */ = {isa = PBXFileReference; lastKnownFileType = image.png; path = "flag-estonia.png"; sourceTree = "<group>"; };
		D5DD964523B988A300735C3A /* flag-russia.png */ = {isa = PBXFileReference; lastKnownFileType = image.png; path = "flag-russia.png"; sourceTree = "<group>"; };
		D5DD964723B988A300735C3A /* flag-uk.png */ = {isa = PBXFileReference; lastKnownFileType = image.png; path = "flag-uk.png"; sourceTree = "<group>"; };
		D5DD964823B988A300735C3A /* flag-monaco.png */ = {isa = PBXFileReference; lastKnownFileType = image.png; path = "flag-monaco.png"; sourceTree = "<group>"; };
		D5DD964923B988A300735C3A /* flag-us.png */ = {isa = PBXFileReference; lastKnownFileType = image.png; path = "flag-us.png"; sourceTree = "<group>"; };
		D5DD964A23B988A300735C3A /* flag-poland.png */ = {isa = PBXFileReference; lastKnownFileType = image.png; path = "flag-poland.png"; sourceTree = "<group>"; };
/* End PBXFileReference section */

/* Begin PBXFrameworksBuildPhase section */
		D5DD95E423B952E700735C3A /* Frameworks */ = {
			isa = PBXFrameworksBuildPhase;
			buildActionMask = 2147483647;
			files = (
			);
			runOnlyForDeploymentPostprocessing = 0;
		};
/* End PBXFrameworksBuildPhase section */

/* Begin PBXGroup section */
		D5DD95DE23B952E700735C3A = {
			isa = PBXGroup;
			children = (
				D5DD95E923B952E700735C3A /* Challenge1 */,
				D5DD95E823B952E700735C3A /* Products */,
			);
			sourceTree = "<group>";
		};
		D5DD95E823B952E700735C3A /* Products */ = {
			isa = PBXGroup;
			children = (
				D5DD95E723B952E700735C3A /* Challenge1.app */,
			);
			name = Products;
			sourceTree = "<group>";
		};
		D5DD95E923B952E700735C3A /* Challenge1 */ = {
			isa = PBXGroup;
			children = (
				D5DD963223B9889500735C3A /* Flags */,
				D5DD95EA23B952E700735C3A /* AppDelegate.swift */,
				D5DD95EC23B952E700735C3A /* SceneDelegate.swift */,
				D5DD95EE23B952E700735C3A /* ViewController.swift */,
				D5DD95F023B952E700735C3A /* Main.storyboard */,
				D5DD95F323B952E800735C3A /* Assets.xcassets */,
				D5DD95FF23B953CC00735C3A /* DetailViewController.swift */,
				D5DD95F523B952E800735C3A /* LaunchScreen.storyboard */,
				D5DD95F823B952E800735C3A /* Info.plist */,
			);
			path = Challenge1;
			sourceTree = "<group>";
		};
		D5DD963223B9889500735C3A /* Flags */ = {
			isa = PBXGroup;
			children = (
				D5DD964323B988A300735C3A /* flag-estonia.png */,
				D5DD963D23B988A200735C3A /* flag-france.png */,
				D5DD963E23B988A200735C3A /* flag-germany.png */,
				D5DD963F23B988A300735C3A /* flag-ireland.png */,
				D5DD963723B988A200735C3A /* flag-italy.png */,
				D5DD964823B988A300735C3A /* flag-monaco.png */,
				D5DD963423B988A200735C3A /* flag-nigeria.png */,
				D5DD964A23B988A300735C3A /* flag-poland.png */,
				D5DD964523B988A300735C3A /* flag-russia.png */,
				D5DD963B23B988A200735C3A /* flag-spain.png */,
				D5DD964723B988A300735C3A /* flag-uk.png */,
				D5DD964923B988A300735C3A /* flag-us.png */,
			);
			path = Flags;
			sourceTree = "<group>";
		};
/* End PBXGroup section */

/* Begin PBXNativeTarget section */
		D5DD95E623B952E700735C3A /* Challenge1 */ = {
			isa = PBXNativeTarget;
			buildConfigurationList = D5DD95FB23B952E800735C3A /* Build configuration list for PBXNativeTarget "Challenge1" */;
			buildPhases = (
				D5DD95E323B952E700735C3A /* Sources */,
				D5DD95E423B952E700735C3A /* Frameworks */,
				D5DD95E523B952E700735C3A /* Resources */,
			);
			buildRules = (
			);
			dependencies = (
			);
			name = Challenge1;
			productName = Challenge1;
			productReference = D5DD95E723B952E700735C3A /* Challenge1.app */;
			productType = "com.apple.product-type.application";
		};
/* End PBXNativeTarget section */

/* Begin PBXProject section */
		D5DD95DF23B952E700735C3A /* Project object */ = {
			isa = PBXProject;
			attributes = {
				LastSwiftUpdateCheck = 1120;
				LastUpgradeCheck = 1120;
				ORGANIZATIONNAME = "Vitor Capretz";
				TargetAttributes = {
					D5DD95E623B952E700735C3A = {
						CreatedOnToolsVersion = 11.2.1;
					};
				};
			};
			buildConfigurationList = D5DD95E223B952E700735C3A /* Build configuration list for PBXProject "Challenge1" */;
			compatibilityVersion = "Xcode 9.3";
			developmentRegion = en;
			hasScannedForEncodings = 0;
			knownRegions = (
				en,
				Base,
			);
			mainGroup = D5DD95DE23B952E700735C3A;
			productRefGroup = D5DD95E823B952E700735C3A /* Products */;
			projectDirPath = "";
			projectRoot = "";
			targets = (
				D5DD95E623B952E700735C3A /* Challenge1 */,
			);
		};
/* End PBXProject section */

/* Begin PBXResourcesBuildPhase section */
		D5DD95E523B952E700735C3A /* Resources */ = {
			isa = PBXResourcesBuildPhase;
			buildActionMask = 2147483647;
			files = (
				D5DD965323B988A300735C3A /* flag-spain.png in Resources */,
				D5DD964C23B988A300735C3A /* flag-nigeria.png in Resources */,
				D5DD966223B988A400735C3A /* flag-poland.png in Resources */,
				D5DD965623B988A300735C3A /* flag-germany.png in Resources */,
				D5DD965D23B988A300735C3A /* flag-russia.png in Resources */,
				D5DD95F723B952E800735C3A /* LaunchScreen.storyboard in Resources */,
				D5DD95F423B952E800735C3A /* Assets.xcassets in Resources */,
				D5DD964F23B988A300735C3A /* flag-italy.png in Resources */,
				D5DD965F23B988A400735C3A /* flag-uk.png in Resources */,
				D5DD965723B988A300735C3A /* flag-ireland.png in Resources */,
				D5DD965B23B988A300735C3A /* flag-estonia.png in Resources */,
				D5DD966123B988A400735C3A /* flag-us.png in Resources */,
				D5DD965523B988A300735C3A /* flag-france.png in Resources */,
				D5DD966023B988A400735C3A /* flag-monaco.png in Resources */,
				D5DD95F223B952E700735C3A /* Main.storyboard in Resources */,
			);
			runOnlyForDeploymentPostprocessing = 0;
		};
/* End PBXResourcesBuildPhase section */

/* Begin PBXSourcesBuildPhase section */
		D5DD95E323B952E700735C3A /* Sources */ = {
			isa = PBXSourcesBuildPhase;
			buildActionMask = 2147483647;
			files = (
				D5DD95EF23B952E700735C3A /* ViewController.swift in Sources */,
				D5DD95EB23B952E700735C3A /* AppDelegate.swift in Sources */,
				D5DD95ED23B952E700735C3A /* SceneDelegate.swift in Sources */,
				D5DD960023B953CC00735C3A /* DetailViewController.swift in Sources */,
			);
			runOnlyForDeploymentPostprocessing = 0;
		};
/* End PBXSourcesBuildPhase section */

/* Begin PBXVariantGroup section */
		D5DD95F023B952E700735C3A /* Main.storyboard */ = {
			isa = PBXVariantGroup;
			children = (
				D5DD95F123B952E700735C3A /* Base */,
			);
			name = Main.storyboard;
			sourceTree = "<group>";
		};
		D5DD95F523B952E800735C3A /* LaunchScreen.storyboard */ = {
			isa = PBXVariantGroup;
			children = (
				D5DD95F623B952E800735C3A /* Base */,
			);
			name = LaunchScreen.storyboard;
			sourceTree = "<group>";
		};
/* End PBXVariantGroup section */

/* Begin XCBuildConfiguration section */
		D5DD95F923B952E800735C3A /* Debug */ = {
			isa = XCBuildConfiguration;
			buildSettings = {
				ALWAYS_SEARCH_USER_PATHS = NO;
				CLANG_ANALYZER_NONNULL = YES;
				CLANG_ANALYZER_NUMBER_OBJECT_CONVERSION = YES_AGGRESSIVE;
				CLANG_CXX_LANGUAGE_STANDARD = "gnu++14";
				CLANG_CXX_LIBRARY = "libc++";
				CLANG_ENABLE_MODULES = YES;
				CLANG_ENABLE_OBJC_ARC = YES;
				CLANG_ENABLE_OBJC_WEAK = YES;
				CLANG_WARN_BLOCK_CAPTURE_AUTORELEASING = YES;
				CLANG_WARN_BOOL_CONVERSION = YES;
				CLANG_WARN_COMMA = YES;
				CLANG_WARN_CONSTANT_CONVERSION = YES;
				CLANG_WARN_DEPRECATED_OBJC_IMPLEMENTATIONS = YES;
				CLANG_WARN_DIRECT_OBJC_ISA_USAGE = YES_ERROR;
				CLANG_WARN_DOCUMENTATION_COMMENTS = YES;
				CLANG_WARN_EMPTY_BODY = YES;
				CLANG_WARN_ENUM_CONVERSION = YES;
				CLANG_WARN_INFINITE_RECURSION = YES;
				CLANG_WARN_INT_CONVERSION = YES;
				CLANG_WARN_NON_LITERAL_NULL_CONVERSION = YES;
				CLANG_WARN_OBJC_IMPLICIT_RETAIN_SELF = YES;
				CLANG_WARN_OBJC_LITERAL_CONVERSION = YES;
				CLANG_WARN_OBJC_ROOT_CLASS = YES_ERROR;
				CLANG_WARN_RANGE_LOOP_ANALYSIS = YES;
				CLANG_WARN_STRICT_PROTOTYPES = YES;
				CLANG_WARN_SUSPICIOUS_MOVE = YES;
				CLANG_WARN_UNGUARDED_AVAILABILITY = YES_AGGRESSIVE;
				CLANG_WARN_UNREACHABLE_CODE = YES;
				CLANG_WARN__DUPLICATE_METHOD_MATCH = YES;
				COPY_PHASE_STRIP = NO;
				DEBUG_INFORMATION_FORMAT = dwarf;
				ENABLE_STRICT_OBJC_MSGSEND = YES;
				ENABLE_TESTABILITY = YES;
				GCC_C_LANGUAGE_STANDARD = gnu11;
				GCC_DYNAMIC_NO_PIC = NO;
				GCC_NO_COMMON_BLOCKS = YES;
				GCC_OPTIMIZATION_LEVEL = 0;
				GCC_PREPROCESSOR_DEFINITIONS = (
					"DEBUG=1",
					"$(inherited)",
				);
				GCC_WARN_64_TO_32_BIT_CONVERSION = YES;
				GCC_WARN_ABOUT_RETURN_TYPE = YES_ERROR;
				GCC_WARN_UNDECLARED_SELECTOR = YES;
				GCC_WARN_UNINITIALIZED_AUTOS = YES_AGGRESSIVE;
				GCC_WARN_UNUSED_FUNCTION = YES;
				GCC_WARN_UNUSED_VARIABLE = YES;
				IPHONEOS_DEPLOYMENT_TARGET = 13.2;
				MTL_ENABLE_DEBUG_INFO = INCLUDE_SOURCE;
				MTL_FAST_MATH = YES;
				ONLY_ACTIVE_ARCH = YES;
				SDKROOT = iphoneos;
				SWIFT_ACTIVE_COMPILATION_CONDITIONS = DEBUG;
				SWIFT_OPTIMIZATION_LEVEL = "-Onone";
			};
			name = Debug;
		};
		D5DD95FA23B952E800735C3A /* Release */ = {
			isa = XCBuildConfiguration;
			buildSettings = {
				ALWAYS_SEARCH_USER_PATHS = NO;
				CLANG_ANALYZER_NONNULL = YES;
				CLANG_ANALYZER_NUMBER_OBJECT_CONVERSION = YES_AGGRESSIVE;
				CLANG_CXX_LANGUAGE_STANDARD = "gnu++14";
				CLANG_CXX_LIBRARY = "libc++";
				CLANG_ENABLE_MODULES = YES;
				CLANG_ENABLE_OBJC_ARC = YES;
				CLANG_ENABLE_OBJC_WEAK = YES;
				CLANG_WARN_BLOCK_CAPTURE_AUTORELEASING = YES;
				CLANG_WARN_BOOL_CONVERSION = YES;
				CLANG_WARN_COMMA = YES;
				CLANG_WARN_CONSTANT_CONVERSION = YES;
				CLANG_WARN_DEPRECATED_OBJC_IMPLEMENTATIONS = YES;
				CLANG_WARN_DIRECT_OBJC_ISA_USAGE = YES_ERROR;
				CLANG_WARN_DOCUMENTATION_COMMENTS = YES;
				CLANG_WARN_EMPTY_BODY = YES;
				CLANG_WARN_ENUM_CONVERSION = YES;
				CLANG_WARN_INFINITE_RECURSION = YES;
				CLANG_WARN_INT_CONVERSION = YES;
				CLANG_WARN_NON_LITERAL_NULL_CONVERSION = YES;
				CLANG_WARN_OBJC_IMPLICIT_RETAIN_SELF = YES;
				CLANG_WARN_OBJC_LITERAL_CONVERSION = YES;
				CLANG_WARN_OBJC_ROOT_CLASS = YES_ERROR;
				CLANG_WARN_RANGE_LOOP_ANALYSIS = YES;
				CLANG_WARN_STRICT_PROTOTYPES = YES;
				CLANG_WARN_SUSPICIOUS_MOVE = YES;
				CLANG_WARN_UNGUARDED_AVAILABILITY = YES_AGGRESSIVE;
				CLANG_WARN_UNREACHABLE_CODE = YES;
				CLANG_WARN__DUPLICATE_METHOD_MATCH = YES;
				COPY_PHASE_STRIP = NO;
				DEBUG_INFORMATION_FORMAT = "dwarf-with-dsym";
				ENABLE_NS_ASSERTIONS = NO;
				ENABLE_STRICT_OBJC_MSGSEND = YES;
				GCC_C_LANGUAGE_STANDARD = gnu11;
				GCC_NO_COMMON_BLOCKS = YES;
				GCC_WARN_64_TO_32_BIT_CONVERSION = YES;
				GCC_WARN_ABOUT_RETURN_TYPE = YES_ERROR;
				GCC_WARN_UNDECLARED_SELECTOR = YES;
				GCC_WARN_UNINITIALIZED_AUTOS = YES_AGGRESSIVE;
				GCC_WARN_UNUSED_FUNCTION = YES;
				GCC_WARN_UNUSED_VARIABLE = YES;
				IPHONEOS_DEPLOYMENT_TARGET = 13.2;
				MTL_ENABLE_DEBUG_INFO = NO;
				MTL_FAST_MATH = YES;
				SDKROOT = iphoneos;
				SWIFT_COMPILATION_MODE = wholemodule;
				SWIFT_OPTIMIZATION_LEVEL = "-O";
				VALIDATE_PRODUCT = YES;
			};
			name = Release;
		};
		D5DD95FC23B952E800735C3A /* Debug */ = {
			isa = XCBuildConfiguration;
			buildSettings = {
				ASSETCATALOG_COMPILER_APPICON_NAME = AppIcon;
				CODE_SIGN_STYLE = Automatic;
				DEVELOPMENT_TEAM = JZXFRUSM49;
				INFOPLIST_FILE = Challenge1/Info.plist;
				LD_RUNPATH_SEARCH_PATHS = (
					"$(inherited)",
					"@executable_path/Frameworks",
				);
				PRODUCT_BUNDLE_IDENTIFIER = com.vcapretz.apps.Challenge1;
				PRODUCT_NAME = "$(TARGET_NAME)";
				SWIFT_VERSION = 5.0;
				TARGETED_DEVICE_FAMILY = "1,2";
			};
			name = Debug;
		};
		D5DD95FD23B952E800735C3A /* Release */ = {
			isa = XCBuildConfiguration;
			buildSettings = {
				ASSETCATALOG_COMPILER_APPICON_NAME = AppIcon;
				CODE_SIGN_STYLE = Automatic;
				DEVELOPMENT_TEAM = JZXFRUSM49;
				INFOPLIST_FILE = Challenge1/Info.plist;
				LD_RUNPATH_SEARCH_PATHS = (
					"$(inherited)",
					"@executable_path/Frameworks",
				);
				PRODUCT_BUNDLE_IDENTIFIER = com.vcapretz.apps.Challenge1;
				PRODUCT_NAME = "$(TARGET_NAME)";
				SWIFT_VERSION = 5.0;
				TARGETED_DEVICE_FAMILY = "1,2";
			};
			name = Release;
		};
/* End XCBuildConfiguration section */

/* Begin XCConfigurationList section */
		D5DD95E223B952E700735C3A /* Build configuration list for PBXProject "Challenge1" */ = {
			isa = XCConfigurationList;
			buildConfigurations = (
				D5DD95F923B952E800735C3A /* Debug */,
				D5DD95FA23B952E800735C3A /* Release */,
			);
			defaultConfigurationIsVisible = 0;
			defaultConfigurationName = Release;
		};
		D5DD95FB23B952E800735C3A /* Build configuration list for PBXNativeTarget "Challenge1" */ = {
			isa = XCConfigurationList;
			buildConfigurations = (
				D5DD95FC23B952E800735C3A /* Debug */,
				D5DD95FD23B952E800735C3A /* Release */,
			);
			defaultConfigurationIsVisible = 0;
			defaultConfigurationName = Release;
		};
/* End XCConfigurationList section */
	};
	rootObject = D5DD95DF23B952E700735C3A /* Project object */;
}
