// !$*UTF8*$!
{
	archiveVersion = 1;
	classes = {
	};
	objectVersion = 50;
	objects = {

/* Begin PBXBuildFile section */
		D5F079D324C884E0008776D7 /* AppDelegate.swift in Sources */ = {isa = PBXBuildFile; fileRef = D5F079D224C884E0008776D7 /* AppDelegate.swift */; };
		D5F079D524C884E0008776D7 /* SceneDelegate.swift in Sources */ = {isa = PBXBuildFile; fileRef = D5F079D424C884E0008776D7 /* SceneDelegate.swift */; };
		D5F079D724C884E0008776D7 /* ContentView.swift in Sources */ = {isa = PBXBuildFile; fileRef = D5F079D624C884E0008776D7 /* ContentView.swift */; };
		D5F079D924C884E1008776D7 /* Assets.xcassets in Resources */ = {isa = PBXBuildFile; fileRef = D5F079D824C884E1008776D7 /* Assets.xcassets */; };
		D5F079DC24C884E1008776D7 /* Preview Assets.xcassets in Resources */ = {isa = PBXBuildFile; fileRef = D5F079DB24C884E1008776D7 /* Preview Assets.xcassets */; };
		D5F079DF24C884E1008776D7 /* LaunchScreen.storyboard in Resources */ = {isa = PBXBuildFile; fileRef = D5F079DD24C884E1008776D7 /* LaunchScreen.storyboard */; };
/* End PBXBuildFile section */

/* Begin PBXFileReference section */
		D5F079CF24C884E0008776D7 /* Challenge1-HWS.app */ = {isa = PBXFileReference; explicitFileType = wrapper.application; includeInIndex = 0; path = "Challenge1-HWS.app"; sourceTree = BUILT_PRODUCTS_DIR; };
		D5F079D224C884E0008776D7 /* AppDelegate.swift */ = {isa = PBXFileReference; lastKnownFileType = sourcecode.swift; path = AppDelegate.swift; sourceTree = "<group>"; };
		D5F079D424C884E0008776D7 /* SceneDelegate.swift */ = {isa = PBXFileReference; lastKnownFileType = sourcecode.swift; path = SceneDelegate.swift; sourceTree = "<group>"; };
		D5F079D624C884E0008776D7 /* ContentView.swift */ = {isa = PBXFileReference; lastKnownFileType = sourcecode.swift; path = ContentView.swift; sourceTree = "<group>"; };
		D5F079D824C884E1008776D7 /* Assets.xcassets */ = {isa = PBXFileReference; lastKnownFileType = folder.assetcatalog; path = Assets.xcassets; sourceTree = "<group>"; };
		D5F079DB24C884E1008776D7 /* Preview Assets.xcassets */ = {isa = PBXFileReference; lastKnownFileType = folder.assetcatalog; path = "Preview Assets.xcassets"; sourceTree = "<group>"; };
		D5F079DE24C884E1008776D7 /* Base */ = {isa = PBXFileReference; lastKnownFileType = file.storyboard; name = Base; path = Base.lproj/LaunchScreen.storyboard; sourceTree = "<group>"; };
		D5F079E024C884E1008776D7 /* Info.plist */ = {isa = PBXFileReference; lastKnownFileType = text.plist.xml; path = Info.plist; sourceTree = "<group>"; };
/* End PBXFileReference section */

/* Begin PBXFrameworksBuildPhase section */
		D5F079CC24C884E0008776D7 /* Frameworks */ = {
			isa = PBXFrameworksBuildPhase;
			buildActionMask = 2147483647;
			files = (
			);
			runOnlyForDeploymentPostprocessing = 0;
		};
/* End PBXFrameworksBuildPhase section */

/* Begin PBXGroup section */
		D5F079C624C884E0008776D7 = {
			isa = PBXGroup;
			children = (
				D5F079D124C884E0008776D7 /* Challenge1-HWS */,
				D5F079D024C884E0008776D7 /* Products */,
			);
			sourceTree = "<group>";
		};
		D5F079D024C884E0008776D7 /* Products */ = {
			isa = PBXGroup;
			children = (
				D5F079CF24C884E0008776D7 /* Challenge1-HWS.app */,
			);
			name = Products;
			sourceTree = "<group>";
		};
		D5F079D124C884E0008776D7 /* Challenge1-HWS */ = {
			isa = PBXGroup;
			children = (
				D5F079D224C884E0008776D7 /* AppDelegate.swift */,
				D5F079D424C884E0008776D7 /* SceneDelegate.swift */,
				D5F079D624C884E0008776D7 /* ContentView.swift */,
				D5F079D824C884E1008776D7 /* Assets.xcassets */,
				D5F079DD24C884E1008776D7 /* LaunchScreen.storyboard */,
				D5F079E024C884E1008776D7 /* Info.plist */,
				D5F079DA24C884E1008776D7 /* Preview Content */,
			);
			path = "Challenge1-HWS";
			sourceTree = "<group>";
		};
		D5F079DA24C884E1008776D7 /* Preview Content */ = {
			isa = PBXGroup;
			children = (
				D5F079DB24C884E1008776D7 /* Preview Assets.xcassets */,
			);
			path = "Preview Content";
			sourceTree = "<group>";
		};
/* End PBXGroup section */

/* Begin PBXNativeTarget section */
		D5F079CE24C884E0008776D7 /* Challenge1-HWS */ = {
			isa = PBXNativeTarget;
			buildConfigurationList = D5F079E324C884E1008776D7 /* Build configuration list for PBXNativeTarget "Challenge1-HWS" */;
			buildPhases = (
				D5F079CB24C884E0008776D7 /* Sources */,
				D5F079CC24C884E0008776D7 /* Frameworks */,
				D5F079CD24C884E0008776D7 /* Resources */,
			);
			buildRules = (
			);
			dependencies = (
			);
			name = "Challenge1-HWS";
			productName = "Challenge1-HWS";
			productReference = D5F079CF24C884E0008776D7 /* Challenge1-HWS.app */;
			productType = "com.apple.product-type.application";
		};
/* End PBXNativeTarget section */

/* Begin PBXProject section */
		D5F079C724C884E0008776D7 /* Project object */ = {
			isa = PBXProject;
			attributes = {
				LastSwiftUpdateCheck = 1160;
				LastUpgradeCheck = 1160;
				ORGANIZATIONNAME = "Vitor Capretz";
				TargetAttributes = {
					D5F079CE24C884E0008776D7 = {
						CreatedOnToolsVersion = 11.6;
					};
				};
			};
			buildConfigurationList = D5F079CA24C884E0008776D7 /* Build configuration list for PBXProject "Challenge1-HWS" */;
			compatibilityVersion = "Xcode 9.3";
			developmentRegion = en;
			hasScannedForEncodings = 0;
			knownRegions = (
				en,
				Base,
			);
			mainGroup = D5F079C624C884E0008776D7;
			productRefGroup = D5F079D024C884E0008776D7 /* Products */;
			projectDirPath = "";
			projectRoot = "";
			targets = (
				D5F079CE24C884E0008776D7 /* Challenge1-HWS */,
			);
		};
/* End PBXProject section */

/* Begin PBXResourcesBuildPhase section */
		D5F079CD24C884E0008776D7 /* Resources */ = {
			isa = PBXResourcesBuildPhase;
			buildActionMask = 2147483647;
			files = (
				D5F079DF24C884E1008776D7 /* LaunchScreen.storyboard in Resources */,
				D5F079DC24C884E1008776D7 /* Preview Assets.xcassets in Resources */,
				D5F079D924C884E1008776D7 /* Assets.xcassets in Resources */,
			);
			runOnlyForDeploymentPostprocessing = 0;
		};
/* End PBXResourcesBuildPhase section */

/* Begin PBXSourcesBuildPhase section */
		D5F079CB24C884E0008776D7 /* Sources */ = {
			isa = PBXSourcesBuildPhase;
			buildActionMask = 2147483647;
			files = (
				D5F079D324C884E0008776D7 /* AppDelegate.swift in Sources */,
				D5F079D524C884E0008776D7 /* SceneDelegate.swift in Sources */,
				D5F079D724C884E0008776D7 /* ContentView.swift in Sources */,
			);
			runOnlyForDeploymentPostprocessing = 0;
		};
/* End PBXSourcesBuildPhase section */

/* Begin PBXVariantGroup section */
		D5F079DD24C884E1008776D7 /* LaunchScreen.storyboard */ = {
			isa = PBXVariantGroup;
			children = (
				D5F079DE24C884E1008776D7 /* Base */,
			);
			name = LaunchScreen.storyboard;
			sourceTree = "<group>";
		};
/* End PBXVariantGroup section */

/* Begin XCBuildConfiguration section */
		D5F079E124C884E1008776D7 /* Debug */ = {
			isa = XCBuildConfiguration;
			buildSettings = {
				ALWAYS_SEARCH_USER_PATHS = NO;
				CLANG_ANALYZER_NONNULL = YES;
				CLANG_ANALYZER_NUMBER_OBJECT_CONVERSION = YES_AGGRESSIVE;
				CLANG_CXX_LANGUAGE_STANDARD = "gnu++14";
				CLANG_CXX_LIBRARY = "libc++";
				CLANG_ENABLE_MODULES = YES;
				CLANG_ENABLE_OBJC_ARC = YES;
				CLANG_ENABLE_OBJC_WEAK = YES;
				CLANG_WARN_BLOCK_CAPTURE_AUTORELEASING = YES;
				CLANG_WARN_BOOL_CONVERSION = YES;
				CLANG_WARN_COMMA = YES;
				CLANG_WARN_CONSTANT_CONVERSION = YES;
				CLANG_WARN_DEPRECATED_OBJC_IMPLEMENTATIONS = YES;
				CLANG_WARN_DIRECT_OBJC_ISA_USAGE = YES_ERROR;
				CLANG_WARN_DOCUMENTATION_COMMENTS = YES;
				CLANG_WARN_EMPTY_BODY = YES;
				CLANG_WARN_ENUM_CONVERSION = YES;
				CLANG_WARN_INFINITE_RECURSION = YES;
				CLANG_WARN_INT_CONVERSION = YES;
				CLANG_WARN_NON_LITERAL_NULL_CONVERSION = YES;
				CLANG_WARN_OBJC_IMPLICIT_RETAIN_SELF = YES;
				CLANG_WARN_OBJC_LITERAL_CONVERSION = YES;
				CLANG_WARN_OBJC_ROOT_CLASS = YES_ERROR;
				CLANG_WARN_RANGE_LOOP_ANALYSIS = YES;
				CLANG_WARN_STRICT_PROTOTYPES = YES;
				CLANG_WARN_SUSPICIOUS_MOVE = YES;
				CLANG_WARN_UNGUARDED_AVAILABILITY = YES_AGGRESSIVE;
				CLANG_WARN_UNREACHABLE_CODE = YES;
				CLANG_WARN__DUPLICATE_METHOD_MATCH = YES;
				COPY_PHASE_STRIP = NO;
				DEBUG_INFORMATION_FORMAT = dwarf;
				ENABLE_STRICT_OBJC_MSGSEND = YES;
				ENABLE_TESTABILITY = YES;
				GCC_C_LANGUAGE_STANDARD = gnu11;
				GCC_DYNAMIC_NO_PIC = NO;
				GCC_NO_COMMON_BLOCKS = YES;
				GCC_OPTIMIZATION_LEVEL = 0;
				GCC_PREPROCESSOR_DEFINITIONS = (
					"DEBUG=1",
					"$(inherited)",
				);
				GCC_WARN_64_TO_32_BIT_CONVERSION = YES;
				GCC_WARN_ABOUT_RETURN_TYPE = YES_ERROR;
				GCC_WARN_UNDECLARED_SELECTOR = YES;
				GCC_WARN_UNINITIALIZED_AUTOS = YES_AGGRESSIVE;
				GCC_WARN_UNUSED_FUNCTION = YES;
				GCC_WARN_UNUSED_VARIABLE = YES;
				IPHONEOS_DEPLOYMENT_TARGET = 13.6;
				MTL_ENABLE_DEBUG_INFO = INCLUDE_SOURCE;
				MTL_FAST_MATH = YES;
				ONLY_ACTIVE_ARCH = YES;
				SDKROOT = iphoneos;
				SWIFT_ACTIVE_COMPILATION_CONDITIONS = DEBUG;
				SWIFT_OPTIMIZATION_LEVEL = "-Onone";
			};
			name = Debug;
		};
		D5F079E224C884E1008776D7 /* Release */ = {
			isa = XCBuildConfiguration;
			buildSettings = {
				ALWAYS_SEARCH_USER_PATHS = NO;
				CLANG_ANALYZER_NONNULL = YES;
				CLANG_ANALYZER_NUMBER_OBJECT_CONVERSION = YES_AGGRESSIVE;
				CLANG_CXX_LANGUAGE_STANDARD = "gnu++14";
				CLANG_CXX_LIBRARY = "libc++";
				CLANG_ENABLE_MODULES = YES;
				CLANG_ENABLE_OBJC_ARC = YES;
				CLANG_ENABLE_OBJC_WEAK = YES;
				CLANG_WARN_BLOCK_CAPTURE_AUTORELEASING = YES;
				CLANG_WARN_BOOL_CONVERSION = YES;
				CLANG_WARN_COMMA = YES;
				CLANG_WARN_CONSTANT_CONVERSION = YES;
				CLANG_WARN_DEPRECATED_OBJC_IMPLEMENTATIONS = YES;
				CLANG_WARN_DIRECT_OBJC_ISA_USAGE = YES_ERROR;
				CLANG_WARN_DOCUMENTATION_COMMENTS = YES;
				CLANG_WARN_EMPTY_BODY = YES;
				CLANG_WARN_ENUM_CONVERSION = YES;
				CLANG_WARN_INFINITE_RECURSION = YES;
				CLANG_WARN_INT_CONVERSION = YES;
				CLANG_WARN_NON_LITERAL_NULL_CONVERSION = YES;
				CLANG_WARN_OBJC_IMPLICIT_RETAIN_SELF = YES;
				CLANG_WARN_OBJC_LITERAL_CONVERSION = YES;
				CLANG_WARN_OBJC_ROOT_CLASS = YES_ERROR;
				CLANG_WARN_RANGE_LOOP_ANALYSIS = YES;
				CLANG_WARN_STRICT_PROTOTYPES = YES;
				CLANG_WARN_SUSPICIOUS_MOVE = YES;
				CLANG_WARN_UNGUARDED_AVAILABILITY = YES_AGGRESSIVE;
				CLANG_WARN_UNREACHABLE_CODE = YES;
				CLANG_WARN__DUPLICATE_METHOD_MATCH = YES;
				COPY_PHASE_STRIP = NO;
				DEBUG_INFORMATION_FORMAT = "dwarf-with-dsym";
				ENABLE_NS_ASSERTIONS = NO;
				ENABLE_STRICT_OBJC_MSGSEND = YES;
				GCC_C_LANGUAGE_STANDARD = gnu11;
				GCC_NO_COMMON_BLOCKS = YES;
				GCC_WARN_64_TO_32_BIT_CONVERSION = YES;
				GCC_WARN_ABOUT_RETURN_TYPE = YES_ERROR;
				GCC_WARN_UNDECLARED_SELECTOR = YES;
				GCC_WARN_UNINITIALIZED_AUTOS = YES_AGGRESSIVE;
				GCC_WARN_UNUSED_FUNCTION = YES;
				GCC_WARN_UNUSED_VARIABLE = YES;
				IPHONEOS_DEPLOYMENT_TARGET = 13.6;
				MTL_ENABLE_DEBUG_INFO = NO;
				MTL_FAST_MATH = YES;
				SDKROOT = iphoneos;
				SWIFT_COMPILATION_MODE = wholemodule;
				SWIFT_OPTIMIZATION_LEVEL = "-O";
				VALIDATE_PRODUCT = YES;
			};
			name = Release;
		};
		D5F079E424C884E1008776D7 /* Debug */ = {
			isa = XCBuildConfiguration;
			buildSettings = {
				ASSETCATALOG_COMPILER_APPICON_NAME = AppIcon;
				CODE_SIGN_STYLE = Automatic;
				DEVELOPMENT_ASSET_PATHS = "\"Challenge1-HWS/Preview Content\"";
				DEVELOPMENT_TEAM = JZXFRUSM49;
				ENABLE_PREVIEWS = YES;
				INFOPLIST_FILE = "Challenge1-HWS/Info.plist";
				LD_RUNPATH_SEARCH_PATHS = (
					"$(inherited)",
					"@executable_path/Frameworks",
				);
				PRODUCT_BUNDLE_IDENTIFIER = "com.vcapretz.Challenge1-HWS";
				PRODUCT_NAME = "$(TARGET_NAME)";
				SWIFT_VERSION = 5.0;
				TARGETED_DEVICE_FAMILY = "1,2";
			};
			name = Debug;
		};
		D5F079E524C884E1008776D7 /* Release */ = {
			isa = XCBuildConfiguration;
			buildSettings = {
				ASSETCATALOG_COMPILER_APPICON_NAME = AppIcon;
				CODE_SIGN_STYLE = Automatic;
				DEVELOPMENT_ASSET_PATHS = "\"Challenge1-HWS/Preview Content\"";
				DEVELOPMENT_TEAM = JZXFRUSM49;
				ENABLE_PREVIEWS = YES;
				INFOPLIST_FILE = "Challenge1-HWS/Info.plist";
				LD_RUNPATH_SEARCH_PATHS = (
					"$(inherited)",
					"@executable_path/Frameworks",
				);
				PRODUCT_BUNDLE_IDENTIFIER = "com.vcapretz.Challenge1-HWS";
				PRODUCT_NAME = "$(TARGET_NAME)";
				SWIFT_VERSION = 5.0;
				TARGETED_DEVICE_FAMILY = "1,2";
			};
			name = Release;
		};
/* End XCBuildConfiguration section */

/* Begin XCConfigurationList section */
		D5F079CA24C884E0008776D7 /* Build configuration list for PBXProject "Challenge1-HWS" */ = {
			isa = XCConfigurationList;
			buildConfigurations = (
				D5F079E124C884E1008776D7 /* Debug */,
				D5F079E224C884E1008776D7 /* Release */,
			);
			defaultConfigurationIsVisible = 0;
			defaultConfigurationName = Release;
		};
		D5F079E324C884E1008776D7 /* Build configuration list for PBXNativeTarget "Challenge1-HWS" */ = {
			isa = XCConfigurationList;
			buildConfigurations = (
				D5F079E424C884E1008776D7 /* Debug */,
				D5F079E524C884E1008776D7 /* Release */,
			);
			defaultConfigurationIsVisible = 0;
			defaultConfigurationName = Release;
		};
/* End XCConfigurationList section */
	};
	rootObject = D5F079C724C884E0008776D7 /* Project object */;
}
