// !$*UTF8*$!
{
	archiveVersion = 1;
	classes = {
	};
	objectVersion = 50;
	objects = {

/* Begin PBXBuildFile section */
		D5265E8324D6D0460018C635 /* AddBookView.swift in Sources */ = {isa = PBXBuildFile; fileRef = D5265E8224D6D0460018C635 /* AddBookView.swift */; };
		D5265E8524D6D44B0018C635 /* RatingView.swift in Sources */ = {isa = PBXBuildFile; fileRef = D5265E8424D6D44B0018C635 /* RatingView.swift */; };
		D5265E8724D6D6BF0018C635 /* EmojiRatingView.swift in Sources */ = {isa = PBXBuildFile; fileRef = D5265E8624D6D6BF0018C635 /* EmojiRatingView.swift */; };
		D5265E8924D6D8880018C635 /* DetailView.swift in Sources */ = {isa = PBXBuildFile; fileRef = D5265E8824D6D8880018C635 /* DetailView.swift */; };
		D561777124D45CBD000E1974 /* AppDelegate.swift in Sources */ = {isa = PBXBuildFile; fileRef = D561777024D45CBD000E1974 /* AppDelegate.swift */; };
		D561777324D45CBD000E1974 /* SceneDelegate.swift in Sources */ = {isa = PBXBuildFile; fileRef = D561777224D45CBD000E1974 /* SceneDelegate.swift */; };
		D561777624D45CBD000E1974 /* Bookworm.xcdatamodeld in Sources */ = {isa = PBXBuildFile; fileRef = D561777424D45CBD000E1974 /* Bookworm.xcdatamodeld */; };
		D561777824D45CBD000E1974 /* ContentView.swift in Sources */ = {isa = PBXBuildFile; fileRef = D561777724D45CBD000E1974 /* ContentView.swift */; };
		D561777A24D45CBE000E1974 /* Assets.xcassets in Resources */ = {isa = PBXBuildFile; fileRef = D561777924D45CBE000E1974 /* Assets.xcassets */; };
		D561777D24D45CBE000E1974 /* Preview Assets.xcassets in Resources */ = {isa = PBXBuildFile; fileRef = D561777C24D45CBE000E1974 /* Preview Assets.xcassets */; };
		D561778024D45CBE000E1974 /* LaunchScreen.storyboard in Resources */ = {isa = PBXBuildFile; fileRef = D561777E24D45CBE000E1974 /* LaunchScreen.storyboard */; };
/* End PBXBuildFile section */

/* Begin PBXFileReference section */
		D5265E8224D6D0460018C635 /* AddBookView.swift */ = {isa = PBXFileReference; lastKnownFileType = sourcecode.swift; path = AddBookView.swift; sourceTree = "<group>"; };
		D5265E8424D6D44B0018C635 /* RatingView.swift */ = {isa = PBXFileReference; lastKnownFileType = sourcecode.swift; path = RatingView.swift; sourceTree = "<group>"; };
		D5265E8624D6D6BF0018C635 /* EmojiRatingView.swift */ = {isa = PBXFileReference; lastKnownFileType = sourcecode.swift; path = EmojiRatingView.swift; sourceTree = "<group>"; };
		D5265E8824D6D8880018C635 /* DetailView.swift */ = {isa = PBXFileReference; lastKnownFileType = sourcecode.swift; path = DetailView.swift; sourceTree = "<group>"; };
		D561776D24D45CBD000E1974 /* Bookworm.app */ = {isa = PBXFileReference; explicitFileType = wrapper.application; includeInIndex = 0; path = Bookworm.app; sourceTree = BUILT_PRODUCTS_DIR; };
		D561777024D45CBD000E1974 /* AppDelegate.swift */ = {isa = PBXFileReference; lastKnownFileType = sourcecode.swift; path = AppDelegate.swift; sourceTree = "<group>"; };
		D561777224D45CBD000E1974 /* SceneDelegate.swift */ = {isa = PBXFileReference; lastKnownFileType = sourcecode.swift; path = SceneDelegate.swift; sourceTree = "<group>"; };
		D561777524D45CBD000E1974 /* Bookworm.xcdatamodel */ = {isa = PBXFileReference; lastKnownFileType = wrapper.xcdatamodel; path = Bookworm.xcdatamodel; sourceTree = "<group>"; };
		D561777724D45CBD000E1974 /* ContentView.swift */ = {isa = PBXFileReference; lastKnownFileType = sourcecode.swift; path = ContentView.swift; sourceTree = "<group>"; };
		D561777924D45CBE000E1974 /* Assets.xcassets */ = {isa = PBXFileReference; lastKnownFileType = folder.assetcatalog; path = Assets.xcassets; sourceTree = "<group>"; };
		D561777C24D45CBE000E1974 /* Preview Assets.xcassets */ = {isa = PBXFileReference; lastKnownFileType = folder.assetcatalog; path = "Preview Assets.xcassets"; sourceTree = "<group>"; };
		D561777F24D45CBE000E1974 /* Base */ = {isa = PBXFileReference; lastKnownFileType = file.storyboard; name = Base; path = Base.lproj/LaunchScreen.storyboard; sourceTree = "<group>"; };
		D561778124D45CBE000E1974 /* Info.plist */ = {isa = PBXFileReference; lastKnownFileType = text.plist.xml; path = Info.plist; sourceTree = "<group>"; };
/* End PBXFileReference section */

/* Begin PBXFrameworksBuildPhase section */
		D561776A24D45CBD000E1974 /* Frameworks */ = {
			isa = PBXFrameworksBuildPhase;
			buildActionMask = 2147483647;
			files = (
			);
			runOnlyForDeploymentPostprocessing = 0;
		};
/* End PBXFrameworksBuildPhase section */

/* Begin PBXGroup section */
		D561776424D45CBD000E1974 = {
			isa = PBXGroup;
			children = (
				D561776F24D45CBD000E1974 /* Bookworm */,
				D561776E24D45CBD000E1974 /* Products */,
			);
			sourceTree = "<group>";
		};
		D561776E24D45CBD000E1974 /* Products */ = {
			isa = PBXGroup;
			children = (
				D561776D24D45CBD000E1974 /* Bookworm.app */,
			);
			name = Products;
			sourceTree = "<group>";
		};
		D561776F24D45CBD000E1974 /* Bookworm */ = {
			isa = PBXGroup;
			children = (
				D561777024D45CBD000E1974 /* AppDelegate.swift */,
				D561777224D45CBD000E1974 /* SceneDelegate.swift */,
				D561777724D45CBD000E1974 /* ContentView.swift */,
				D5265E8424D6D44B0018C635 /* RatingView.swift */,
				D5265E8824D6D8880018C635 /* DetailView.swift */,
				D5265E8624D6D6BF0018C635 /* EmojiRatingView.swift */,
				D561777924D45CBE000E1974 /* Assets.xcassets */,
				D561777E24D45CBE000E1974 /* LaunchScreen.storyboard */,
				D561778124D45CBE000E1974 /* Info.plist */,
				D561777424D45CBD000E1974 /* Bookworm.xcdatamodeld */,
				D5265E8224D6D0460018C635 /* AddBookView.swift */,
				D561777B24D45CBE000E1974 /* Preview Content */,
			);
			path = Bookworm;
			sourceTree = "<group>";
		};
		D561777B24D45CBE000E1974 /* Preview Content */ = {
			isa = PBXGroup;
			children = (
				D561777C24D45CBE000E1974 /* Preview Assets.xcassets */,
			);
			path = "Preview Content";
			sourceTree = "<group>";
		};
/* End PBXGroup section */

/* Begin PBXNativeTarget section */
		D561776C24D45CBD000E1974 /* Bookworm */ = {
			isa = PBXNativeTarget;
			buildConfigurationList = D561778424D45CBE000E1974 /* Build configuration list for PBXNativeTarget "Bookworm" */;
			buildPhases = (
				D561776924D45CBD000E1974 /* Sources */,
				D561776A24D45CBD000E1974 /* Frameworks */,
				D561776B24D45CBD000E1974 /* Resources */,
			);
			buildRules = (
			);
			dependencies = (
			);
			name = Bookworm;
			productName = Bookworm;
			productReference = D561776D24D45CBD000E1974 /* Bookworm.app */;
			productType = "com.apple.product-type.application";
		};
/* End PBXNativeTarget section */

/* Begin PBXProject section */
		D561776524D45CBD000E1974 /* Project object */ = {
			isa = PBXProject;
			attributes = {
				LastSwiftUpdateCheck = 1160;
				LastUpgradeCheck = 1160;
				ORGANIZATIONNAME = "Vitor Capretz";
				TargetAttributes = {
					D561776C24D45CBD000E1974 = {
						CreatedOnToolsVersion = 11.6;
					};
				};
			};
			buildConfigurationList = D561776824D45CBD000E1974 /* Build configuration list for PBXProject "Bookworm" */;
			compatibilityVersion = "Xcode 9.3";
			developmentRegion = en;
			hasScannedForEncodings = 0;
			knownRegions = (
				en,
				Base,
			);
			mainGroup = D561776424D45CBD000E1974;
			productRefGroup = D561776E24D45CBD000E1974 /* Products */;
			projectDirPath = "";
			projectRoot = "";
			targets = (
				D561776C24D45CBD000E1974 /* Bookworm */,
			);
		};
/* End PBXProject section */

/* Begin PBXResourcesBuildPhase section */
		D561776B24D45CBD000E1974 /* Resources */ = {
			isa = PBXResourcesBuildPhase;
			buildActionMask = 2147483647;
			files = (
				D561778024D45CBE000E1974 /* LaunchScreen.storyboard in Resources */,
				D561777D24D45CBE000E1974 /* Preview Assets.xcassets in Resources */,
				D561777A24D45CBE000E1974 /* Assets.xcassets in Resources */,
			);
			runOnlyForDeploymentPostprocessing = 0;
		};
/* End PBXResourcesBuildPhase section */

/* Begin PBXSourcesBuildPhase section */
		D561776924D45CBD000E1974 /* Sources */ = {
			isa = PBXSourcesBuildPhase;
			buildActionMask = 2147483647;
			files = (
				D561777124D45CBD000E1974 /* AppDelegate.swift in Sources */,
				D5265E8924D6D8880018C635 /* DetailView.swift in Sources */,
				D561777624D45CBD000E1974 /* Bookworm.xcdatamodeld in Sources */,
				D5265E8724D6D6BF0018C635 /* EmojiRatingView.swift in Sources */,
				D561777824D45CBD000E1974 /* ContentView.swift in Sources */,
				D5265E8524D6D44B0018C635 /* RatingView.swift in Sources */,
				D561777324D45CBD000E1974 /* SceneDelegate.swift in Sources */,
				D5265E8324D6D0460018C635 /* AddBookView.swift in Sources */,
			);
			runOnlyForDeploymentPostprocessing = 0;
		};
/* End PBXSourcesBuildPhase section */

/* Begin PBXVariantGroup section */
		D561777E24D45CBE000E1974 /* LaunchScreen.storyboard */ = {
			isa = PBXVariantGroup;
			children = (
				D561777F24D45CBE000E1974 /* Base */,
			);
			name = LaunchScreen.storyboard;
			sourceTree = "<group>";
		};
/* End PBXVariantGroup section */

/* Begin XCBuildConfiguration section */
		D561778224D45CBE000E1974 /* Debug */ = {
			isa = XCBuildConfiguration;
			buildSettings = {
				ALWAYS_SEARCH_USER_PATHS = NO;
				CLANG_ANALYZER_NONNULL = YES;
				CLANG_ANALYZER_NUMBER_OBJECT_CONVERSION = YES_AGGRESSIVE;
				CLANG_CXX_LANGUAGE_STANDARD = "gnu++14";
				CLANG_CXX_LIBRARY = "libc++";
				CLANG_ENABLE_MODULES = YES;
				CLANG_ENABLE_OBJC_ARC = YES;
				CLANG_ENABLE_OBJC_WEAK = YES;
				CLANG_WARN_BLOCK_CAPTURE_AUTORELEASING = YES;
				CLANG_WARN_BOOL_CONVERSION = YES;
				CLANG_WARN_COMMA = YES;
				CLANG_WARN_CONSTANT_CONVERSION = YES;
				CLANG_WARN_DEPRECATED_OBJC_IMPLEMENTATIONS = YES;
				CLANG_WARN_DIRECT_OBJC_ISA_USAGE = YES_ERROR;
				CLANG_WARN_DOCUMENTATION_COMMENTS = YES;
				CLANG_WARN_EMPTY_BODY = YES;
				CLANG_WARN_ENUM_CONVERSION = YES;
				CLANG_WARN_INFINITE_RECURSION = YES;
				CLANG_WARN_INT_CONVERSION = YES;
				CLANG_WARN_NON_LITERAL_NULL_CONVERSION = YES;
				CLANG_WARN_OBJC_IMPLICIT_RETAIN_SELF = YES;
				CLANG_WARN_OBJC_LITERAL_CONVERSION = YES;
				CLANG_WARN_OBJC_ROOT_CLASS = YES_ERROR;
				CLANG_WARN_RANGE_LOOP_ANALYSIS = YES;
				CLANG_WARN_STRICT_PROTOTYPES = YES;
				CLANG_WARN_SUSPICIOUS_MOVE = YES;
				CLANG_WARN_UNGUARDED_AVAILABILITY = YES_AGGRESSIVE;
				CLANG_WARN_UNREACHABLE_CODE = YES;
				CLANG_WARN__DUPLICATE_METHOD_MATCH = YES;
				COPY_PHASE_STRIP = NO;
				DEBUG_INFORMATION_FORMAT = dwarf;
				ENABLE_STRICT_OBJC_MSGSEND = YES;
				ENABLE_TESTABILITY = YES;
				GCC_C_LANGUAGE_STANDARD = gnu11;
				GCC_DYNAMIC_NO_PIC = NO;
				GCC_NO_COMMON_BLOCKS = YES;
				GCC_OPTIMIZATION_LEVEL = 0;
				GCC_PREPROCESSOR_DEFINITIONS = (
					"DEBUG=1",
					"$(inherited)",
				);
				GCC_WARN_64_TO_32_BIT_CONVERSION = YES;
				GCC_WARN_ABOUT_RETURN_TYPE = YES_ERROR;
				GCC_WARN_UNDECLARED_SELECTOR = YES;
				GCC_WARN_UNINITIALIZED_AUTOS = YES_AGGRESSIVE;
				GCC_WARN_UNUSED_FUNCTION = YES;
				GCC_WARN_UNUSED_VARIABLE = YES;
				IPHONEOS_DEPLOYMENT_TARGET = 13.6;
				MTL_ENABLE_DEBUG_INFO = INCLUDE_SOURCE;
				MTL_FAST_MATH = YES;
				ONLY_ACTIVE_ARCH = YES;
				SDKROOT = iphoneos;
				SWIFT_ACTIVE_COMPILATION_CONDITIONS = DEBUG;
				SWIFT_OPTIMIZATION_LEVEL = "-Onone";
			};
			name = Debug;
		};
		D561778324D45CBE000E1974 /* Release */ = {
			isa = XCBuildConfiguration;
			buildSettings = {
				ALWAYS_SEARCH_USER_PATHS = NO;
				CLANG_ANALYZER_NONNULL = YES;
				CLANG_ANALYZER_NUMBER_OBJECT_CONVERSION = YES_AGGRESSIVE;
				CLANG_CXX_LANGUAGE_STANDARD = "gnu++14";
				CLANG_CXX_LIBRARY = "libc++";
				CLANG_ENABLE_MODULES = YES;
				CLANG_ENABLE_OBJC_ARC = YES;
				CLANG_ENABLE_OBJC_WEAK = YES;
				CLANG_WARN_BLOCK_CAPTURE_AUTORELEASING = YES;
				CLANG_WARN_BOOL_CONVERSION = YES;
				CLANG_WARN_COMMA = YES;
				CLANG_WARN_CONSTANT_CONVERSION = YES;
				CLANG_WARN_DEPRECATED_OBJC_IMPLEMENTATIONS = YES;
				CLANG_WARN_DIRECT_OBJC_ISA_USAGE = YES_ERROR;
				CLANG_WARN_DOCUMENTATION_COMMENTS = YES;
				CLANG_WARN_EMPTY_BODY = YES;
				CLANG_WARN_ENUM_CONVERSION = YES;
				CLANG_WARN_INFINITE_RECURSION = YES;
				CLANG_WARN_INT_CONVERSION = YES;
				CLANG_WARN_NON_LITERAL_NULL_CONVERSION = YES;
				CLANG_WARN_OBJC_IMPLICIT_RETAIN_SELF = YES;
				CLANG_WARN_OBJC_LITERAL_CONVERSION = YES;
				CLANG_WARN_OBJC_ROOT_CLASS = YES_ERROR;
				CLANG_WARN_RANGE_LOOP_ANALYSIS = YES;
				CLANG_WARN_STRICT_PROTOTYPES = YES;
				CLANG_WARN_SUSPICIOUS_MOVE = YES;
				CLANG_WARN_UNGUARDED_AVAILABILITY = YES_AGGRESSIVE;
				CLANG_WARN_UNREACHABLE_CODE = YES;
				CLANG_WARN__DUPLICATE_METHOD_MATCH = YES;
				COPY_PHASE_STRIP = NO;
				DEBUG_INFORMATION_FORMAT = "dwarf-with-dsym";
				ENABLE_NS_ASSERTIONS = NO;
				ENABLE_STRICT_OBJC_MSGSEND = YES;
				GCC_C_LANGUAGE_STANDARD = gnu11;
				GCC_NO_COMMON_BLOCKS = YES;
				GCC_WARN_64_TO_32_BIT_CONVERSION = YES;
				GCC_WARN_ABOUT_RETURN_TYPE = YES_ERROR;
				GCC_WARN_UNDECLARED_SELECTOR = YES;
				GCC_WARN_UNINITIALIZED_AUTOS = YES_AGGRESSIVE;
				GCC_WARN_UNUSED_FUNCTION = YES;
				GCC_WARN_UNUSED_VARIABLE = YES;
				IPHONEOS_DEPLOYMENT_TARGET = 13.6;
				MTL_ENABLE_DEBUG_INFO = NO;
				MTL_FAST_MATH = YES;
				SDKROOT = iphoneos;
				SWIFT_COMPILATION_MODE = wholemodule;
				SWIFT_OPTIMIZATION_LEVEL = "-O";
				VALIDATE_PRODUCT = YES;
			};
			name = Release;
		};
		D561778524D45CBE000E1974 /* Debug */ = {
			isa = XCBuildConfiguration;
			buildSettings = {
				ASSETCATALOG_COMPILER_APPICON_NAME = AppIcon;
				CODE_SIGN_STYLE = Automatic;
				DEVELOPMENT_ASSET_PATHS = "\"Bookworm/Preview Content\"";
				DEVELOPMENT_TEAM = JZXFRUSM49;
				ENABLE_PREVIEWS = YES;
				INFOPLIST_FILE = Bookworm/Info.plist;
				LD_RUNPATH_SEARCH_PATHS = (
					"$(inherited)",
					"@executable_path/Frameworks",
				);
				PRODUCT_BUNDLE_IDENTIFIER = com.vcapretz.Bookworm;
				PRODUCT_NAME = "$(TARGET_NAME)";
				SWIFT_VERSION = 5.0;
				TARGETED_DEVICE_FAMILY = "1,2";
			};
			name = Debug;
		};
		D561778624D45CBE000E1974 /* Release */ = {
			isa = XCBuildConfiguration;
			buildSettings = {
				ASSETCATALOG_COMPILER_APPICON_NAME = AppIcon;
				CODE_SIGN_STYLE = Automatic;
				DEVELOPMENT_ASSET_PATHS = "\"Bookworm/Preview Content\"";
				DEVELOPMENT_TEAM = JZXFRUSM49;
				ENABLE_PREVIEWS = YES;
				INFOPLIST_FILE = Bookworm/Info.plist;
				LD_RUNPATH_SEARCH_PATHS = (
					"$(inherited)",
					"@executable_path/Frameworks",
				);
				PRODUCT_BUNDLE_IDENTIFIER = com.vcapretz.Bookworm;
				PRODUCT_NAME = "$(TARGET_NAME)";
				SWIFT_VERSION = 5.0;
				TARGETED_DEVICE_FAMILY = "1,2";
			};
			name = Release;
		};
/* End XCBuildConfiguration section */

/* Begin XCConfigurationList section */
		D561776824D45CBD000E1974 /* Build configuration list for PBXProject "Bookworm" */ = {
			isa = XCConfigurationList;
			buildConfigurations = (
				D561778224D45CBE000E1974 /* Debug */,
				D561778324D45CBE000E1974 /* Release */,
			);
			defaultConfigurationIsVisible = 0;
			defaultConfigurationName = Release;
		};
		D561778424D45CBE000E1974 /* Build configuration list for PBXNativeTarget "Bookworm" */ = {
			isa = XCConfigurationList;
			buildConfigurations = (
				D561778524D45CBE000E1974 /* Debug */,
				D561778624D45CBE000E1974 /* Release */,
			);
			defaultConfigurationIsVisible = 0;
			defaultConfigurationName = Release;
		};
/* End XCConfigurationList section */

/* Begin XCVersionGroup section */
		D561777424D45CBD000E1974 /* Bookworm.xcdatamodeld */ = {
			isa = XCVersionGroup;
			children = (
				D561777524D45CBD000E1974 /* Bookworm.xcdatamodel */,
			);
			currentVersion = D561777524D45CBD000E1974 /* Bookworm.xcdatamodel */;
			path = Bookworm.xcdatamodeld;
			sourceTree = "<group>";
			versionGroupType = wrapper.xcdatamodel;
		};
/* End XCVersionGroup section */
	};
	rootObject = D561776524D45CBD000E1974 /* Project object */;
}
