// !$*UTF8*$!
{
	archiveVersion = 1;
	classes = {
	};
	objectVersion = 50;
	objects = {

/* Begin PBXBuildFile section */
		D59BE3EE24D1F957002E37FC /* AppDelegate.swift in Sources */ = {isa = PBXBuildFile; fileRef = D59BE3ED24D1F957002E37FC /* AppDelegate.swift */; };
		D59BE3F024D1F957002E37FC /* SceneDelegate.swift in Sources */ = {isa = PBXBuildFile; fileRef = D59BE3EF24D1F957002E37FC /* SceneDelegate.swift */; };
		D59BE3F224D1F957002E37FC /* ContentView.swift in Sources */ = {isa = PBXBuildFile; fileRef = D59BE3F124D1F957002E37FC /* ContentView.swift */; };
		D59BE3F424D1F958002E37FC /* Assets.xcassets in Resources */ = {isa = PBXBuildFile; fileRef = D59BE3F324D1F958002E37FC /* Assets.xcassets */; };
		D59BE3F724D1F958002E37FC /* Preview Assets.xcassets in Resources */ = {isa = PBXBuildFile; fileRef = D59BE3F624D1F958002E37FC /* Preview Assets.xcassets */; };
		D59BE3FA24D1F958002E37FC /* LaunchScreen.storyboard in Resources */ = {isa = PBXBuildFile; fileRef = D59BE3F824D1F958002E37FC /* LaunchScreen.storyboard */; };
		D59BE40224D1FD23002E37FC /* AddView.swift in Sources */ = {isa = PBXBuildFile; fileRef = D59BE40124D1FD23002E37FC /* AddView.swift */; };
		D59BE40424D20309002E37FC /* ActivityDetailView.swift in Sources */ = {isa = PBXBuildFile; fileRef = D59BE40324D20309002E37FC /* ActivityDetailView.swift */; };
/* End PBXBuildFile section */

/* Begin PBXFileReference section */
		D59BE3EA24D1F957002E37FC /* Challenge3-HWS.app */ = {isa = PBXFileReference; explicitFileType = wrapper.application; includeInIndex = 0; path = "Challenge3-HWS.app"; sourceTree = BUILT_PRODUCTS_DIR; };
		D59BE3ED24D1F957002E37FC /* AppDelegate.swift */ = {isa = PBXFileReference; lastKnownFileType = sourcecode.swift; path = AppDelegate.swift; sourceTree = "<group>"; };
		D59BE3EF24D1F957002E37FC /* SceneDelegate.swift */ = {isa = PBXFileReference; lastKnownFileType = sourcecode.swift; path = SceneDelegate.swift; sourceTree = "<group>"; };
		D59BE3F124D1F957002E37FC /* ContentView.swift */ = {isa = PBXFileReference; lastKnownFileType = sourcecode.swift; path = ContentView.swift; sourceTree = "<group>"; };
		D59BE3F324D1F958002E37FC /* Assets.xcassets */ = {isa = PBXFileReference; lastKnownFileType = folder.assetcatalog; path = Assets.xcassets; sourceTree = "<group>"; };
		D59BE3F624D1F958002E37FC /* Preview Assets.xcassets */ = {isa = PBXFileReference; lastKnownFileType = folder.assetcatalog; path = "Preview Assets.xcassets"; sourceTree = "<group>"; };
		D59BE3F924D1F958002E37FC /* Base */ = {isa = PBXFileReference; lastKnownFileType = file.storyboard; name = Base; path = Base.lproj/LaunchScreen.storyboard; sourceTree = "<group>"; };
		D59BE3FB24D1F958002E37FC /* Info.plist */ = {isa = PBXFileReference; lastKnownFileType = text.plist.xml; path = Info.plist; sourceTree = "<group>"; };
		D59BE40124D1FD23002E37FC /* AddView.swift */ = {isa = PBXFileReference; lastKnownFileType = sourcecode.swift; path = AddView.swift; sourceTree = SOURCE_ROOT; };
		D59BE40324D20309002E37FC /* ActivityDetailView.swift */ = {isa = PBXFileReference; lastKnownFileType = sourcecode.swift; path = ActivityDetailView.swift; sourceTree = "<group>"; };
/* End PBXFileReference section */

/* Begin PBXFrameworksBuildPhase section */
		D59BE3E724D1F957002E37FC /* Frameworks */ = {
			isa = PBXFrameworksBuildPhase;
			buildActionMask = 2147483647;
			files = (
			);
			runOnlyForDeploymentPostprocessing = 0;
		};
/* End PBXFrameworksBuildPhase section */

/* Begin PBXGroup section */
		D59BE3E124D1F957002E37FC = {
			isa = PBXGroup;
			children = (
				D59BE3EC24D1F957002E37FC /* Challenge3-HWS */,
				D59BE3EB24D1F957002E37FC /* Products */,
			);
			sourceTree = "<group>";
		};
		D59BE3EB24D1F957002E37FC /* Products */ = {
			isa = PBXGroup;
			children = (
				D59BE3EA24D1F957002E37FC /* Challenge3-HWS.app */,
			);
			name = Products;
			sourceTree = "<group>";
		};
		D59BE3EC24D1F957002E37FC /* Challenge3-HWS */ = {
			isa = PBXGroup;
			children = (
				D59BE40124D1FD23002E37FC /* AddView.swift */,
				D59BE40324D20309002E37FC /* ActivityDetailView.swift */,
				D59BE3ED24D1F957002E37FC /* AppDelegate.swift */,
				D59BE3EF24D1F957002E37FC /* SceneDelegate.swift */,
				D59BE3F124D1F957002E37FC /* ContentView.swift */,
				D59BE3F324D1F958002E37FC /* Assets.xcassets */,
				D59BE3F824D1F958002E37FC /* LaunchScreen.storyboard */,
				D59BE3FB24D1F958002E37FC /* Info.plist */,
				D59BE3F524D1F958002E37FC /* Preview Content */,
			);
			path = "Challenge3-HWS";
			sourceTree = "<group>";
		};
		D59BE3F524D1F958002E37FC /* Preview Content */ = {
			isa = PBXGroup;
			children = (
				D59BE3F624D1F958002E37FC /* Preview Assets.xcassets */,
			);
			path = "Preview Content";
			sourceTree = "<group>";
		};
/* End PBXGroup section */

/* Begin PBXNativeTarget section */
		D59BE3E924D1F957002E37FC /* Challenge3-HWS */ = {
			isa = PBXNativeTarget;
			buildConfigurationList = D59BE3FE24D1F958002E37FC /* Build configuration list for PBXNativeTarget "Challenge3-HWS" */;
			buildPhases = (
				D59BE3E624D1F957002E37FC /* Sources */,
				D59BE3E724D1F957002E37FC /* Frameworks */,
				D59BE3E824D1F957002E37FC /* Resources */,
			);
			buildRules = (
			);
			dependencies = (
			);
			name = "Challenge3-HWS";
			productName = "Challenge3-HWS";
			productReference = D59BE3EA24D1F957002E37FC /* Challenge3-HWS.app */;
			productType = "com.apple.product-type.application";
		};
/* End PBXNativeTarget section */

/* Begin PBXProject section */
		D59BE3E224D1F957002E37FC /* Project object */ = {
			isa = PBXProject;
			attributes = {
				LastSwiftUpdateCheck = 1160;
				LastUpgradeCheck = 1160;
				ORGANIZATIONNAME = "Vitor Capretz";
				TargetAttributes = {
					D59BE3E924D1F957002E37FC = {
						CreatedOnToolsVersion = 11.6;
					};
				};
			};
			buildConfigurationList = D59BE3E524D1F957002E37FC /* Build configuration list for PBXProject "Challenge3-HWS" */;
			compatibilityVersion = "Xcode 9.3";
			developmentRegion = en;
			hasScannedForEncodings = 0;
			knownRegions = (
				en,
				Base,
			);
			mainGroup = D59BE3E124D1F957002E37FC;
			productRefGroup = D59BE3EB24D1F957002E37FC /* Products */;
			projectDirPath = "";
			projectRoot = "";
			targets = (
				D59BE3E924D1F957002E37FC /* Challenge3-HWS */,
			);
		};
/* End PBXProject section */

/* Begin PBXResourcesBuildPhase section */
		D59BE3E824D1F957002E37FC /* Resources */ = {
			isa = PBXResourcesBuildPhase;
			buildActionMask = 2147483647;
			files = (
				D59BE3FA24D1F958002E37FC /* LaunchScreen.storyboard in Resources */,
				D59BE3F724D1F958002E37FC /* Preview Assets.xcassets in Resources */,
				D59BE3F424D1F958002E37FC /* Assets.xcassets in Resources */,
			);
			runOnlyForDeploymentPostprocessing = 0;
		};
/* End PBXResourcesBuildPhase section */

/* Begin PBXSourcesBuildPhase section */
		D59BE3E624D1F957002E37FC /* Sources */ = {
			isa = PBXSourcesBuildPhase;
			buildActionMask = 2147483647;
			files = (
				D59BE40224D1FD23002E37FC /* AddView.swift in Sources */,
				D59BE3EE24D1F957002E37FC /* AppDelegate.swift in Sources */,
				D59BE3F024D1F957002E37FC /* SceneDelegate.swift in Sources */,
				D59BE40424D20309002E37FC /* ActivityDetailView.swift in Sources */,
				D59BE3F224D1F957002E37FC /* ContentView.swift in Sources */,
			);
			runOnlyForDeploymentPostprocessing = 0;
		};
/* End PBXSourcesBuildPhase section */

/* Begin PBXVariantGroup section */
		D59BE3F824D1F958002E37FC /* LaunchScreen.storyboard */ = {
			isa = PBXVariantGroup;
			children = (
				D59BE3F924D1F958002E37FC /* Base */,
			);
			name = LaunchScreen.storyboard;
			sourceTree = "<group>";
		};
/* End PBXVariantGroup section */

/* Begin XCBuildConfiguration section */
		D59BE3FC24D1F958002E37FC /* Debug */ = {
			isa = XCBuildConfiguration;
			buildSettings = {
				ALWAYS_SEARCH_USER_PATHS = NO;
				CLANG_ANALYZER_NONNULL = YES;
				CLANG_ANALYZER_NUMBER_OBJECT_CONVERSION = YES_AGGRESSIVE;
				CLANG_CXX_LANGUAGE_STANDARD = "gnu++14";
				CLANG_CXX_LIBRARY = "libc++";
				CLANG_ENABLE_MODULES = YES;
				CLANG_ENABLE_OBJC_ARC = YES;
				CLANG_ENABLE_OBJC_WEAK = YES;
				CLANG_WARN_BLOCK_CAPTURE_AUTORELEASING = YES;
				CLANG_WARN_BOOL_CONVERSION = YES;
				CLANG_WARN_COMMA = YES;
				CLANG_WARN_CONSTANT_CONVERSION = YES;
				CLANG_WARN_DEPRECATED_OBJC_IMPLEMENTATIONS = YES;
				CLANG_WARN_DIRECT_OBJC_ISA_USAGE = YES_ERROR;
				CLANG_WARN_DOCUMENTATION_COMMENTS = YES;
				CLANG_WARN_EMPTY_BODY = YES;
				CLANG_WARN_ENUM_CONVERSION = YES;
				CLANG_WARN_INFINITE_RECURSION = YES;
				CLANG_WARN_INT_CONVERSION = YES;
				CLANG_WARN_NON_LITERAL_NULL_CONVERSION = YES;
				CLANG_WARN_OBJC_IMPLICIT_RETAIN_SELF = YES;
				CLANG_WARN_OBJC_LITERAL_CONVERSION = YES;
				CLANG_WARN_OBJC_ROOT_CLASS = YES_ERROR;
				CLANG_WARN_RANGE_LOOP_ANALYSIS = YES;
				CLANG_WARN_STRICT_PROTOTYPES = YES;
				CLANG_WARN_SUSPICIOUS_MOVE = YES;
				CLANG_WARN_UNGUARDED_AVAILABILITY = YES_AGGRESSIVE;
				CLANG_WARN_UNREACHABLE_CODE = YES;
				CLANG_WARN__DUPLICATE_METHOD_MATCH = YES;
				COPY_PHASE_STRIP = NO;
				DEBUG_INFORMATION_FORMAT = dwarf;
				ENABLE_STRICT_OBJC_MSGSEND = YES;
				ENABLE_TESTABILITY = YES;
				GCC_C_LANGUAGE_STANDARD = gnu11;
				GCC_DYNAMIC_NO_PIC = NO;
				GCC_NO_COMMON_BLOCKS = YES;
				GCC_OPTIMIZATION_LEVEL = 0;
				GCC_PREPROCESSOR_DEFINITIONS = (
					"DEBUG=1",
					"$(inherited)",
				);
				GCC_WARN_64_TO_32_BIT_CONVERSION = YES;
				GCC_WARN_ABOUT_RETURN_TYPE = YES_ERROR;
				GCC_WARN_UNDECLARED_SELECTOR = YES;
				GCC_WARN_UNINITIALIZED_AUTOS = YES_AGGRESSIVE;
				GCC_WARN_UNUSED_FUNCTION = YES;
				GCC_WARN_UNUSED_VARIABLE = YES;
				IPHONEOS_DEPLOYMENT_TARGET = 13.6;
				MTL_ENABLE_DEBUG_INFO = INCLUDE_SOURCE;
				MTL_FAST_MATH = YES;
				ONLY_ACTIVE_ARCH = YES;
				SDKROOT = iphoneos;
				SWIFT_ACTIVE_COMPILATION_CONDITIONS = DEBUG;
				SWIFT_OPTIMIZATION_LEVEL = "-Onone";
			};
			name = Debug;
		};
		D59BE3FD24D1F958002E37FC /* Release */ = {
			isa = XCBuildConfiguration;
			buildSettings = {
				ALWAYS_SEARCH_USER_PATHS = NO;
				CLANG_ANALYZER_NONNULL = YES;
				CLANG_ANALYZER_NUMBER_OBJECT_CONVERSION = YES_AGGRESSIVE;
				CLANG_CXX_LANGUAGE_STANDARD = "gnu++14";
				CLANG_CXX_LIBRARY = "libc++";
				CLANG_ENABLE_MODULES = YES;
				CLANG_ENABLE_OBJC_ARC = YES;
				CLANG_ENABLE_OBJC_WEAK = YES;
				CLANG_WARN_BLOCK_CAPTURE_AUTORELEASING = YES;
				CLANG_WARN_BOOL_CONVERSION = YES;
				CLANG_WARN_COMMA = YES;
				CLANG_WARN_CONSTANT_CONVERSION = YES;
				CLANG_WARN_DEPRECATED_OBJC_IMPLEMENTATIONS = YES;
				CLANG_WARN_DIRECT_OBJC_ISA_USAGE = YES_ERROR;
				CLANG_WARN_DOCUMENTATION_COMMENTS = YES;
				CLANG_WARN_EMPTY_BODY = YES;
				CLANG_WARN_ENUM_CONVERSION = YES;
				CLANG_WARN_INFINITE_RECURSION = YES;
				CLANG_WARN_INT_CONVERSION = YES;
				CLANG_WARN_NON_LITERAL_NULL_CONVERSION = YES;
				CLANG_WARN_OBJC_IMPLICIT_RETAIN_SELF = YES;
				CLANG_WARN_OBJC_LITERAL_CONVERSION = YES;
				CLANG_WARN_OBJC_ROOT_CLASS = YES_ERROR;
				CLANG_WARN_RANGE_LOOP_ANALYSIS = YES;
				CLANG_WARN_STRICT_PROTOTYPES = YES;
				CLANG_WARN_SUSPICIOUS_MOVE = YES;
				CLANG_WARN_UNGUARDED_AVAILABILITY = YES_AGGRESSIVE;
				CLANG_WARN_UNREACHABLE_CODE = YES;
				CLANG_WARN__DUPLICATE_METHOD_MATCH = YES;
				COPY_PHASE_STRIP = NO;
				DEBUG_INFORMATION_FORMAT = "dwarf-with-dsym";
				ENABLE_NS_ASSERTIONS = NO;
				ENABLE_STRICT_OBJC_MSGSEND = YES;
				GCC_C_LANGUAGE_STANDARD = gnu11;
				GCC_NO_COMMON_BLOCKS = YES;
				GCC_WARN_64_TO_32_BIT_CONVERSION = YES;
				GCC_WARN_ABOUT_RETURN_TYPE = YES_ERROR;
				GCC_WARN_UNDECLARED_SELECTOR = YES;
				GCC_WARN_UNINITIALIZED_AUTOS = YES_AGGRESSIVE;
				GCC_WARN_UNUSED_FUNCTION = YES;
				GCC_WARN_UNUSED_VARIABLE = YES;
				IPHONEOS_DEPLOYMENT_TARGET = 13.6;
				MTL_ENABLE_DEBUG_INFO = NO;
				MTL_FAST_MATH = YES;
				SDKROOT = iphoneos;
				SWIFT_COMPILATION_MODE = wholemodule;
				SWIFT_OPTIMIZATION_LEVEL = "-O";
				VALIDATE_PRODUCT = YES;
			};
			name = Release;
		};
		D59BE3FF24D1F958002E37FC /* Debug */ = {
			isa = XCBuildConfiguration;
			buildSettings = {
				ASSETCATALOG_COMPILER_APPICON_NAME = AppIcon;
				CODE_SIGN_STYLE = Automatic;
				DEVELOPMENT_ASSET_PATHS = "\"Challenge3-HWS/Preview Content\"";
				DEVELOPMENT_TEAM = JZXFRUSM49;
				ENABLE_PREVIEWS = YES;
				INFOPLIST_FILE = "Challenge3-HWS/Info.plist";
				LD_RUNPATH_SEARCH_PATHS = (
					"$(inherited)",
					"@executable_path/Frameworks",
				);
				PRODUCT_BUNDLE_IDENTIFIER = "com.vcapretz.Challenge3-HWS";
				PRODUCT_NAME = "$(TARGET_NAME)";
				SWIFT_VERSION = 5.0;
				TARGETED_DEVICE_FAMILY = "1,2";
			};
			name = Debug;
		};
		D59BE40024D1F958002E37FC /* Release */ = {
			isa = XCBuildConfiguration;
			buildSettings = {
				ASSETCATALOG_COMPILER_APPICON_NAME = AppIcon;
				CODE_SIGN_STYLE = Automatic;
				DEVELOPMENT_ASSET_PATHS = "\"Challenge3-HWS/Preview Content\"";
				DEVELOPMENT_TEAM = JZXFRUSM49;
				ENABLE_PREVIEWS = YES;
				INFOPLIST_FILE = "Challenge3-HWS/Info.plist";
				LD_RUNPATH_SEARCH_PATHS = (
					"$(inherited)",
					"@executable_path/Frameworks",
				);
				PRODUCT_BUNDLE_IDENTIFIER = "com.vcapretz.Challenge3-HWS";
				PRODUCT_NAME = "$(TARGET_NAME)";
				SWIFT_VERSION = 5.0;
				TARGETED_DEVICE_FAMILY = "1,2";
			};
			name = Release;
		};
/* End XCBuildConfiguration section */

/* Begin XCConfigurationList section */
		D59BE3E524D1F957002E37FC /* Build configuration list for PBXProject "Challenge3-HWS" */ = {
			isa = XCConfigurationList;
			buildConfigurations = (
				D59BE3FC24D1F958002E37FC /* Debug */,
				D59BE3FD24D1F958002E37FC /* Release */,
			);
			defaultConfigurationIsVisible = 0;
			defaultConfigurationName = Release;
		};
		D59BE3FE24D1F958002E37FC /* Build configuration list for PBXNativeTarget "Challenge3-HWS" */ = {
			isa = XCConfigurationList;
			buildConfigurations = (
				D59BE3FF24D1F958002E37FC /* Debug */,
				D59BE40024D1F958002E37FC /* Release */,
			);
			defaultConfigurationIsVisible = 0;
			defaultConfigurationName = Release;
		};
/* End XCConfigurationList section */
	};
	rootObject = D59BE3E224D1F957002E37FC /* Project object */;
}
